
Microsoft Visual Studio Solution File, Format Version 12.00
# Visual Studio Version 16
VisualStudioVersion = 16.0.31424.327
MinimumVisualStudioVersion = 10.0.40219.1
Project("{FAE04EC0-301F-11D3-BF4B-00C04F79EFBC}") = "Api", "Api\Api.csproj", "{CEC0895A-5050-4F49-9713-B38BDE2A8B2E}"
EndProject
Project("{FAE04EC0-301F-11D3-BF4B-00C04F79EFBC}") = "Data", "Data\Data.csproj", "{613FBA42-8993-4B91-A983-3B9A3EDBAA47}"
EndProject
Global
	GlobalSection(SolutionConfigurationPlatforms) = preSolution
		Debug|Any CPU = Debug|Any CPU
		Release|Any CPU = Release|Any CPU
	EndGlobalSection
	GlobalSection(ProjectConfigurationPlatforms) = postSolution
		{CEC0895A-5050-4F49-9713-B38BDE2A8B2E}.Debug|Any CPU.ActiveCfg = Debug|Any CPU
		{CEC0895A-5050-4F49-9713-B38BDE2A8B2E}.Debug|Any CPU.Build.0 = Debug|Any CPU
		{CEC0895A-5050-4F49-9713-B38BDE2A8B2E}.Release|Any CPU.ActiveCfg = Release|Any CPU
		{CEC0895A-5050-4F49-9713-B38BDE2A8B2E}.Release|Any CPU.Build.0 = Release|Any CPU
		{613FBA42-8993-4B91-A983-3B9A3EDBAA47}.Debug|Any CPU.ActiveCfg = Debug|Any CPU
		{613FBA42-8993-4B91-A983-3B9A3EDBAA47}.Debug|Any CPU.Build.0 = Debug|Any CPU
		{613FBA42-8993-4B91-A983-3B9A3EDBAA47}.Release|Any CPU.ActiveCfg = Release|Any CPU
		{613FBA42-8993-4B91-A983-3B9A3EDBAA47}.Release|Any CPU.Build.0 = Release|Any CPU
	EndGlobalSection
	GlobalSection(SolutionProperties) = preSolution
		HideSolutionNode = FALSE
	EndGlobalSection
	GlobalSection(ExtensibilityGlobals) = postSolution
		SolutionGuid = {D33528B1-953B-4FBF-B0A9-22CF01707D39}
	EndGlobalSection
EndGlobal
